// !$*UTF8*$!
{
	archiveVersion = 1;
	classes = {
	};
	objectVersion = 48;
	objects = {

/* Begin PBXBuildFile section */
		6C09B733201A3DD7002CE625 /* CategorySelectViewController.swift in Sources */ = {isa = PBXBuildFile; fileRef = 6C09B732201A3DD6002CE625 /* CategorySelectViewController.swift */; };
		6C09B735201A3E17002CE625 /* PresentFadeInOut.swift in Sources */ = {isa = PBXBuildFile; fileRef = 6C09B734201A3E16002CE625 /* PresentFadeInOut.swift */; };
		6C0A98632015ADD700D9D704 /* TopicDetailOptionCell.swift in Sources */ = {isa = PBXBuildFile; fileRef = 6C0A98612015ADD700D9D704 /* TopicDetailOptionCell.swift */; };
		6C0A98642015ADD700D9D704 /* TopicDetailOptionCell.xib in Resources */ = {isa = PBXBuildFile; fileRef = 6C0A98622015ADD700D9D704 /* TopicDetailOptionCell.xib */; };
		6C0A9868201713FB00D9D704 /* TopicDetailImgCell.swift in Sources */ = {isa = PBXBuildFile; fileRef = 6C0A9866201713FB00D9D704 /* TopicDetailImgCell.swift */; };
		6C0A9869201713FB00D9D704 /* TopicDetailImgCell.xib in Resources */ = {isa = PBXBuildFile; fileRef = 6C0A9867201713FB00D9D704 /* TopicDetailImgCell.xib */; };
		6C0A986C2017183200D9D704 /* TopicDetailFooterView.swift in Sources */ = {isa = PBXBuildFile; fileRef = 6C0A986A2017183200D9D704 /* TopicDetailFooterView.swift */; };
		6C0A986D2017183200D9D704 /* TopicDetailFooterView.xib in Resources */ = {isa = PBXBuildFile; fileRef = 6C0A986B2017183200D9D704 /* TopicDetailFooterView.xib */; };
		6C0A986F201797FE00D9D704 /* SpreadTransition.swift in Sources */ = {isa = PBXBuildFile; fileRef = 6C0A986E201797FE00D9D704 /* SpreadTransition.swift */; };
		6C0A98722017990B00D9D704 /* TopicDetailImagesViewController.swift in Sources */ = {isa = PBXBuildFile; fileRef = 6C0A98702017990B00D9D704 /* TopicDetailImagesViewController.swift */; };
		6C0A98732017990B00D9D704 /* TopicDetailImagesViewController.xib in Resources */ = {isa = PBXBuildFile; fileRef = 6C0A98712017990B00D9D704 /* TopicDetailImagesViewController.xib */; };
		6C0A987520186E1800D9D704 /* RankBaamIndicator.swift in Sources */ = {isa = PBXBuildFile; fileRef = 6C0A987420186E1800D9D704 /* RankBaamIndicator.swift */; };
		6C0A987B2018DFE100D9D704 /* TabHomePageViewController.xib in Resources */ = {isa = PBXBuildFile; fileRef = 6C0A987A2018DFE100D9D704 /* TabHomePageViewController.xib */; };
		6CFD5442200A0A3200289BDB /* loadIndicatorFooter.swift in Sources */ = {isa = PBXBuildFile; fileRef = 6CFD5440200A0A3200289BDB /* loadIndicatorFooter.swift */; };
		6CFD5443200A0A3200289BDB /* loadIndicatorFooter.xib in Resources */ = {isa = PBXBuildFile; fileRef = 6CFD5441200A0A3200289BDB /* loadIndicatorFooter.xib */; };
		6CFD549020104C9300289BDB /* TabMainViewController.swift in Sources */ = {isa = PBXBuildFile; fileRef = 6CFD548F20104C9200289BDB /* TabMainViewController.swift */; };
		6CFD549520104CE400289BDB /* TabHomeViewController.swift in Sources */ = {isa = PBXBuildFile; fileRef = 6CFD549320104CE400289BDB /* TabHomeViewController.swift */; };
		6CFD549620104CE400289BDB /* TabHomeViewController.xib in Resources */ = {isa = PBXBuildFile; fileRef = 6CFD549420104CE400289BDB /* TabHomeViewController.xib */; };
		6CFD549820104FA400289BDB /* ConstantsNames.swift in Sources */ = {isa = PBXBuildFile; fileRef = 6CFD549720104FA400289BDB /* ConstantsNames.swift */; };
		6CFD549A20104FBD00289BDB /* MainAllRankCell.swift in Sources */ = {isa = PBXBuildFile; fileRef = 6CFD549920104FBD00289BDB /* MainAllRankCell.swift */; };
		6CFD549C20104FE200289BDB /* MainAllRankCell.xib in Resources */ = {isa = PBXBuildFile; fileRef = 6CFD549B20104FE100289BDB /* MainAllRankCell.xib */; };
		6CFD549E2010501000289BDB /* MainAllRankTopTabbar.swift in Sources */ = {isa = PBXBuildFile; fileRef = 6CFD549D2010501000289BDB /* MainAllRankTopTabbar.swift */; };
		6CFD54A02010508B00289BDB /* UIColor+Extension.swift in Sources */ = {isa = PBXBuildFile; fileRef = 6CFD549F2010508B00289BDB /* UIColor+Extension.swift */; };
		6CFD54A7201058C400289BDB /* MainAllRankLoadingFooterView.swift in Sources */ = {isa = PBXBuildFile; fileRef = 6CFD54A5201058C400289BDB /* MainAllRankLoadingFooterView.swift */; };
		6CFD54A8201058C400289BDB /* MainAllRankLoadingFooterView.xib in Resources */ = {isa = PBXBuildFile; fileRef = 6CFD54A6201058C400289BDB /* MainAllRankLoadingFooterView.xib */; };
		6CFD54AD2011D3AB00289BDB /* TopicDetailHeaderView.swift in Sources */ = {isa = PBXBuildFile; fileRef = 6CFD54AB2011D3AB00289BDB /* TopicDetailHeaderView.swift */; };
		6CFD54AE2011D3AB00289BDB /* TopicDetailHeaderView.xib in Resources */ = {isa = PBXBuildFile; fileRef = 6CFD54AC2011D3AB00289BDB /* TopicDetailHeaderView.xib */; };
		6CFD550E2013711E00289BDB /* TabHomeWeeklyRankViewController.swift in Sources */ = {isa = PBXBuildFile; fileRef = 6CFD550C2013711E00289BDB /* TabHomeWeeklyRankViewController.swift */; };
		6CFD550F2013711E00289BDB /* TabHomeWeeklyRankViewController.xib in Resources */ = {isa = PBXBuildFile; fileRef = 6CFD550D2013711E00289BDB /* TabHomeWeeklyRankViewController.xib */; };
		6CFD55122013737B00289BDB /* MainWeeklyRankCell.swift in Sources */ = {isa = PBXBuildFile; fileRef = 6CFD55102013737B00289BDB /* MainWeeklyRankCell.swift */; };
		6CFD55132013737B00289BDB /* MainWeeklyRankCell.xib in Resources */ = {isa = PBXBuildFile; fileRef = 6CFD55112013737B00289BDB /* MainWeeklyRankCell.xib */; };
		6CFD55152013818300289BDB /* TabHomePageViewController.swift in Sources */ = {isa = PBXBuildFile; fileRef = 6CFD55142013818300289BDB /* TabHomePageViewController.swift */; };
		A7C26317E03F2E7F886C1C73 /* Pods_RankBaam.framework in Frameworks */ = {isa = PBXBuildFile; fileRef = 76E27FF7FBFF9ACBE9802F4D /* Pods_RankBaam.framework */; };
		E359977A1FF608540064BBC1 /* SplashViewController.swift in Sources */ = {isa = PBXBuildFile; fileRef = E35997781FF608540064BBC1 /* SplashViewController.swift */; };
		E359977B1FF608540064BBC1 /* SplashViewController.xib in Resources */ = {isa = PBXBuildFile; fileRef = E35997791FF608540064BBC1 /* SplashViewController.xib */; };
		E359977E1FF6087F0064BBC1 /* SignInViewController.swift in Sources */ = {isa = PBXBuildFile; fileRef = E359977C1FF6087F0064BBC1 /* SignInViewController.swift */; };
		E359977F1FF6087F0064BBC1 /* SignInViewController.xib in Resources */ = {isa = PBXBuildFile; fileRef = E359977D1FF6087F0064BBC1 /* SignInViewController.xib */; };
		E35997821FF6088D0064BBC1 /* SignUpViewController.swift in Sources */ = {isa = PBXBuildFile; fileRef = E35997801FF6088D0064BBC1 /* SignUpViewController.swift */; };
		E35997831FF6088D0064BBC1 /* SignUpViewController.xib in Resources */ = {isa = PBXBuildFile; fileRef = E35997811FF6088D0064BBC1 /* SignUpViewController.xib */; };
		E3CC20F120010409006DE641 /* Extensions.swift in Sources */ = {isa = PBXBuildFile; fileRef = E3CC20F020010409006DE641 /* Extensions.swift */; };
		E3CC20FF2001053A006DE641 /* CardFlowLayout.swift in Sources */ = {isa = PBXBuildFile; fileRef = E3CC20F62001053A006DE641 /* CardFlowLayout.swift */; };
		E3CC210B200119E2006DE641 /* YunTaemin.ttf in Resources */ = {isa = PBXBuildFile; fileRef = E3CC210A200119E2006DE641 /* YunTaemin.ttf */; };
		E3CF6FD62006073400DE3D41 /* MainTabViewController.swift in Sources */ = {isa = PBXBuildFile; fileRef = E3CF6FD42006073400DE3D41 /* MainTabViewController.swift */; };
		E3CF6FDE2006081C00DE3D41 /* TabSearchViewController.swift in Sources */ = {isa = PBXBuildFile; fileRef = E3CF6FDC2006081C00DE3D41 /* TabSearchViewController.swift */; };
		E3CF6FDF2006081C00DE3D41 /* TabSearchViewController.xib in Resources */ = {isa = PBXBuildFile; fileRef = E3CF6FDD2006081C00DE3D41 /* TabSearchViewController.xib */; };
		E3CF6FE22006088D00DE3D41 /* TabLikeViewController.swift in Sources */ = {isa = PBXBuildFile; fileRef = E3CF6FE02006088D00DE3D41 /* TabLikeViewController.swift */; };
		E3CF6FE32006088D00DE3D41 /* TabLikeViewController.xib in Resources */ = {isa = PBXBuildFile; fileRef = E3CF6FE12006088D00DE3D41 /* TabLikeViewController.xib */; };
		E3CF6FE6200608A600DE3D41 /* TabMyViewController.swift in Sources */ = {isa = PBXBuildFile; fileRef = E3CF6FE4200608A600DE3D41 /* TabMyViewController.swift */; };
		E3CF6FE7200608A600DE3D41 /* TabMyViewController.xib in Resources */ = {isa = PBXBuildFile; fileRef = E3CF6FE5200608A600DE3D41 /* TabMyViewController.xib */; };
		E3CF6FEE20060BC900DE3D41 /* UserRouter.swift in Sources */ = {isa = PBXBuildFile; fileRef = E3CF6FEB20060BC900DE3D41 /* UserRouter.swift */; };
		E3CF6FEF20060BC900DE3D41 /* TopicRouter.swift in Sources */ = {isa = PBXBuildFile; fileRef = E3CF6FEC20060BC900DE3D41 /* TopicRouter.swift */; };
		E3CF6FF020060BC900DE3D41 /* OptionRouter.swift in Sources */ = {isa = PBXBuildFile; fileRef = E3CF6FED20060BC900DE3D41 /* OptionRouter.swift */; };
		E3CF6FF620060BEA00DE3D41 /* TargetType.swift in Sources */ = {isa = PBXBuildFile; fileRef = E3CF6FF420060BEA00DE3D41 /* TargetType.swift */; };
		E3CF6FF720060BEA00DE3D41 /* Error.swift in Sources */ = {isa = PBXBuildFile; fileRef = E3CF6FF520060BEA00DE3D41 /* Error.swift */; };
		E3CF6FF920060C0B00DE3D41 /* Services.swift in Sources */ = {isa = PBXBuildFile; fileRef = E3CF6FF820060C0B00DE3D41 /* Services.swift */; };
		E3DE12BD1FEBAFD000738EE1 /* AppDelegate.swift in Sources */ = {isa = PBXBuildFile; fileRef = E3DE12BC1FEBAFD000738EE1 /* AppDelegate.swift */; };
		E3DE12C41FEBAFD000738EE1 /* Assets.xcassets in Resources */ = {isa = PBXBuildFile; fileRef = E3DE12C31FEBAFD000738EE1 /* Assets.xcassets */; };
		E3DE12C71FEBAFD000738EE1 /* LaunchScreen.storyboard in Resources */ = {isa = PBXBuildFile; fileRef = E3DE12C51FEBAFD000738EE1 /* LaunchScreen.storyboard */; };
		E3DE12D41FEBB0A400738EE1 /* UserDefaultsManager.swift in Sources */ = {isa = PBXBuildFile; fileRef = E3DE12D31FEBB0A400738EE1 /* UserDefaultsManager.swift */; };
		E3DE12D61FEBB0AF00738EE1 /* KeychainManager.swift in Sources */ = {isa = PBXBuildFile; fileRef = E3DE12D51FEBB0AF00738EE1 /* KeychainManager.swift */; };
		E3DE12D81FEBB7DA00738EE1 /* GoogleService-Info.plist in Resources */ = {isa = PBXBuildFile; fileRef = E3DE12D71FEBB7DA00738EE1 /* GoogleService-Info.plist */; };
		E3DE12DA1FEBD14B00738EE1 /* Models.swift in Sources */ = {isa = PBXBuildFile; fileRef = E3DE12D91FEBD14B00738EE1 /* Models.swift */; };
		E3DE12DC1FEBD17D00738EE1 /* NetworkModels.swift in Sources */ = {isa = PBXBuildFile; fileRef = E3DE12DB1FEBD17D00738EE1 /* NetworkModels.swift */; };
		E3E90F202014F1C4002B41F6 /* OptionCommentRouter.swift in Sources */ = {isa = PBXBuildFile; fileRef = E3E90F1F2014F1C4002B41F6 /* OptionCommentRouter.swift */; };
		E3EEB6EA1FF50B8600EEE241 /* KakaoOpenSDK.framework in Frameworks */ = {isa = PBXBuildFile; fileRef = E3EEB6E91FF50B8600EEE241 /* KakaoOpenSDK.framework */; };
		E3FEB4571FF6149C0074D778 /* TopicCreateViewController.swift in Sources */ = {isa = PBXBuildFile; fileRef = E3FEB4551FF6149C0074D778 /* TopicCreateViewController.swift */; };
		E3FEB4581FF6149C0074D778 /* TopicCreateViewController.xib in Resources */ = {isa = PBXBuildFile; fileRef = E3FEB4561FF6149C0074D778 /* TopicCreateViewController.xib */; };
		E3FEB4611FF615690074D778 /* TopicDetailViewController.swift in Sources */ = {isa = PBXBuildFile; fileRef = E3FEB45F1FF615690074D778 /* TopicDetailViewController.swift */; };
		E3FEB4621FF615690074D778 /* TopicDetailViewController.xib in Resources */ = {isa = PBXBuildFile; fileRef = E3FEB4601FF615690074D778 /* TopicDetailViewController.xib */; };
/* End PBXBuildFile section */

/* Begin PBXFileReference section */
		3200F22B635D81C27B2E50AC /* Pods-RankBaam.debug.xcconfig */ = {isa = PBXFileReference; includeInIndex = 1; lastKnownFileType = text.xcconfig; name = "Pods-RankBaam.debug.xcconfig"; path = "Pods/Target Support Files/Pods-RankBaam/Pods-RankBaam.debug.xcconfig"; sourceTree = "<group>"; };
		6C09B732201A3DD6002CE625 /* CategorySelectViewController.swift */ = {isa = PBXFileReference; fileEncoding = 4; lastKnownFileType = sourcecode.swift; name = CategorySelectViewController.swift; path = RankBaam/View/CategorySelectViewController.swift; sourceTree = SOURCE_ROOT; };
		6C09B734201A3E16002CE625 /* PresentFadeInOut.swift */ = {isa = PBXFileReference; fileEncoding = 4; lastKnownFileType = sourcecode.swift; path = PresentFadeInOut.swift; sourceTree = "<group>"; };
		6C0A98612015ADD700D9D704 /* TopicDetailOptionCell.swift */ = {isa = PBXFileReference; lastKnownFileType = sourcecode.swift; path = TopicDetailOptionCell.swift; sourceTree = "<group>"; };
		6C0A98622015ADD700D9D704 /* TopicDetailOptionCell.xib */ = {isa = PBXFileReference; lastKnownFileType = file.xib; path = TopicDetailOptionCell.xib; sourceTree = "<group>"; };
		6C0A9866201713FB00D9D704 /* TopicDetailImgCell.swift */ = {isa = PBXFileReference; lastKnownFileType = sourcecode.swift; path = TopicDetailImgCell.swift; sourceTree = "<group>"; };
		6C0A9867201713FB00D9D704 /* TopicDetailImgCell.xib */ = {isa = PBXFileReference; lastKnownFileType = file.xib; path = TopicDetailImgCell.xib; sourceTree = "<group>"; };
		6C0A986A2017183200D9D704 /* TopicDetailFooterView.swift */ = {isa = PBXFileReference; lastKnownFileType = sourcecode.swift; path = TopicDetailFooterView.swift; sourceTree = "<group>"; };
		6C0A986B2017183200D9D704 /* TopicDetailFooterView.xib */ = {isa = PBXFileReference; lastKnownFileType = file.xib; path = TopicDetailFooterView.xib; sourceTree = "<group>"; };
		6C0A986E201797FE00D9D704 /* SpreadTransition.swift */ = {isa = PBXFileReference; lastKnownFileType = sourcecode.swift; path = SpreadTransition.swift; sourceTree = "<group>"; };
		6C0A98702017990B00D9D704 /* TopicDetailImagesViewController.swift */ = {isa = PBXFileReference; lastKnownFileType = sourcecode.swift; path = TopicDetailImagesViewController.swift; sourceTree = "<group>"; };
		6C0A98712017990B00D9D704 /* TopicDetailImagesViewController.xib */ = {isa = PBXFileReference; lastKnownFileType = file.xib; path = TopicDetailImagesViewController.xib; sourceTree = "<group>"; };
		6C0A987420186E1800D9D704 /* RankBaamIndicator.swift */ = {isa = PBXFileReference; lastKnownFileType = sourcecode.swift; path = RankBaamIndicator.swift; sourceTree = "<group>"; };
		6C0A987A2018DFE100D9D704 /* TabHomePageViewController.xib */ = {isa = PBXFileReference; lastKnownFileType = file.xib; path = TabHomePageViewController.xib; sourceTree = "<group>"; };
		6CFD5440200A0A3200289BDB /* loadIndicatorFooter.swift */ = {isa = PBXFileReference; lastKnownFileType = sourcecode.swift; path = loadIndicatorFooter.swift; sourceTree = "<group>"; };
		6CFD5441200A0A3200289BDB /* loadIndicatorFooter.xib */ = {isa = PBXFileReference; lastKnownFileType = file.xib; path = loadIndicatorFooter.xib; sourceTree = "<group>"; };
		6CFD548F20104C9200289BDB /* TabMainViewController.swift */ = {isa = PBXFileReference; fileEncoding = 4; lastKnownFileType = sourcecode.swift; path = TabMainViewController.swift; sourceTree = "<group>"; };
		6CFD549320104CE400289BDB /* TabHomeViewController.swift */ = {isa = PBXFileReference; lastKnownFileType = sourcecode.swift; path = TabHomeViewController.swift; sourceTree = "<group>"; };
		6CFD549420104CE400289BDB /* TabHomeViewController.xib */ = {isa = PBXFileReference; lastKnownFileType = file.xib; path = TabHomeViewController.xib; sourceTree = "<group>"; };
		6CFD549720104FA400289BDB /* ConstantsNames.swift */ = {isa = PBXFileReference; fileEncoding = 4; lastKnownFileType = sourcecode.swift; path = ConstantsNames.swift; sourceTree = "<group>"; };
		6CFD549920104FBD00289BDB /* MainAllRankCell.swift */ = {isa = PBXFileReference; fileEncoding = 4; lastKnownFileType = sourcecode.swift; path = MainAllRankCell.swift; sourceTree = "<group>"; };
		6CFD549B20104FE100289BDB /* MainAllRankCell.xib */ = {isa = PBXFileReference; fileEncoding = 4; lastKnownFileType = file.xib; path = MainAllRankCell.xib; sourceTree = "<group>"; };
		6CFD549D2010501000289BDB /* MainAllRankTopTabbar.swift */ = {isa = PBXFileReference; fileEncoding = 4; lastKnownFileType = sourcecode.swift; path = MainAllRankTopTabbar.swift; sourceTree = "<group>"; };
		6CFD549F2010508B00289BDB /* UIColor+Extension.swift */ = {isa = PBXFileReference; fileEncoding = 4; lastKnownFileType = sourcecode.swift; path = "UIColor+Extension.swift"; sourceTree = "<group>"; };
		6CFD54A5201058C400289BDB /* MainAllRankLoadingFooterView.swift */ = {isa = PBXFileReference; lastKnownFileType = sourcecode.swift; path = MainAllRankLoadingFooterView.swift; sourceTree = "<group>"; };
		6CFD54A6201058C400289BDB /* MainAllRankLoadingFooterView.xib */ = {isa = PBXFileReference; lastKnownFileType = file.xib; path = MainAllRankLoadingFooterView.xib; sourceTree = "<group>"; };
		6CFD54AB2011D3AB00289BDB /* TopicDetailHeaderView.swift */ = {isa = PBXFileReference; lastKnownFileType = sourcecode.swift; path = TopicDetailHeaderView.swift; sourceTree = "<group>"; };
		6CFD54AC2011D3AB00289BDB /* TopicDetailHeaderView.xib */ = {isa = PBXFileReference; lastKnownFileType = file.xib; path = TopicDetailHeaderView.xib; sourceTree = "<group>"; };
		6CFD550C2013711E00289BDB /* TabHomeWeeklyRankViewController.swift */ = {isa = PBXFileReference; lastKnownFileType = sourcecode.swift; path = TabHomeWeeklyRankViewController.swift; sourceTree = "<group>"; };
		6CFD550D2013711E00289BDB /* TabHomeWeeklyRankViewController.xib */ = {isa = PBXFileReference; lastKnownFileType = file.xib; path = TabHomeWeeklyRankViewController.xib; sourceTree = "<group>"; };
		6CFD55102013737B00289BDB /* MainWeeklyRankCell.swift */ = {isa = PBXFileReference; lastKnownFileType = sourcecode.swift; path = MainWeeklyRankCell.swift; sourceTree = "<group>"; };
		6CFD55112013737B00289BDB /* MainWeeklyRankCell.xib */ = {isa = PBXFileReference; lastKnownFileType = file.xib; path = MainWeeklyRankCell.xib; sourceTree = "<group>"; };
		6CFD55142013818300289BDB /* TabHomePageViewController.swift */ = {isa = PBXFileReference; lastKnownFileType = sourcecode.swift; path = TabHomePageViewController.swift; sourceTree = "<group>"; };
		73184CBA083F250A6B91BA1B /* Pods-RankBaam.release.xcconfig */ = {isa = PBXFileReference; includeInIndex = 1; lastKnownFileType = text.xcconfig; name = "Pods-RankBaam.release.xcconfig"; path = "Pods/Target Support Files/Pods-RankBaam/Pods-RankBaam.release.xcconfig"; sourceTree = "<group>"; };
		76E27FF7FBFF9ACBE9802F4D /* Pods_RankBaam.framework */ = {isa = PBXFileReference; explicitFileType = wrapper.framework; includeInIndex = 0; path = Pods_RankBaam.framework; sourceTree = BUILT_PRODUCTS_DIR; };
		E35997781FF608540064BBC1 /* SplashViewController.swift */ = {isa = PBXFileReference; lastKnownFileType = sourcecode.swift; path = SplashViewController.swift; sourceTree = "<group>"; };
		E35997791FF608540064BBC1 /* SplashViewController.xib */ = {isa = PBXFileReference; lastKnownFileType = file.xib; path = SplashViewController.xib; sourceTree = "<group>"; };
		E359977C1FF6087F0064BBC1 /* SignInViewController.swift */ = {isa = PBXFileReference; lastKnownFileType = sourcecode.swift; path = SignInViewController.swift; sourceTree = "<group>"; };
		E359977D1FF6087F0064BBC1 /* SignInViewController.xib */ = {isa = PBXFileReference; lastKnownFileType = file.xib; path = SignInViewController.xib; sourceTree = "<group>"; };
		E35997801FF6088D0064BBC1 /* SignUpViewController.swift */ = {isa = PBXFileReference; lastKnownFileType = sourcecode.swift; path = SignUpViewController.swift; sourceTree = "<group>"; };
		E35997811FF6088D0064BBC1 /* SignUpViewController.xib */ = {isa = PBXFileReference; lastKnownFileType = file.xib; path = SignUpViewController.xib; sourceTree = "<group>"; };
		E3CC20F020010409006DE641 /* Extensions.swift */ = {isa = PBXFileReference; lastKnownFileType = sourcecode.swift; path = Extensions.swift; sourceTree = "<group>"; };
		E3CC20F62001053A006DE641 /* CardFlowLayout.swift */ = {isa = PBXFileReference; fileEncoding = 4; lastKnownFileType = sourcecode.swift; path = CardFlowLayout.swift; sourceTree = "<group>"; };
		E3CC210A200119E2006DE641 /* YunTaemin.ttf */ = {isa = PBXFileReference; lastKnownFileType = file; path = YunTaemin.ttf; sourceTree = "<group>"; };
		E3CF6FD42006073400DE3D41 /* MainTabViewController.swift */ = {isa = PBXFileReference; lastKnownFileType = sourcecode.swift; path = MainTabViewController.swift; sourceTree = "<group>"; };
		E3CF6FDC2006081C00DE3D41 /* TabSearchViewController.swift */ = {isa = PBXFileReference; lastKnownFileType = sourcecode.swift; path = TabSearchViewController.swift; sourceTree = "<group>"; };
		E3CF6FDD2006081C00DE3D41 /* TabSearchViewController.xib */ = {isa = PBXFileReference; lastKnownFileType = file.xib; path = TabSearchViewController.xib; sourceTree = "<group>"; };
		E3CF6FE02006088D00DE3D41 /* TabLikeViewController.swift */ = {isa = PBXFileReference; lastKnownFileType = sourcecode.swift; path = TabLikeViewController.swift; sourceTree = "<group>"; };
		E3CF6FE12006088D00DE3D41 /* TabLikeViewController.xib */ = {isa = PBXFileReference; lastKnownFileType = file.xib; path = TabLikeViewController.xib; sourceTree = "<group>"; };
		E3CF6FE4200608A600DE3D41 /* TabMyViewController.swift */ = {isa = PBXFileReference; lastKnownFileType = sourcecode.swift; path = TabMyViewController.swift; sourceTree = "<group>"; };
		E3CF6FE5200608A600DE3D41 /* TabMyViewController.xib */ = {isa = PBXFileReference; lastKnownFileType = file.xib; path = TabMyViewController.xib; sourceTree = "<group>"; };
		E3CF6FEB20060BC900DE3D41 /* UserRouter.swift */ = {isa = PBXFileReference; fileEncoding = 4; lastKnownFileType = sourcecode.swift; path = UserRouter.swift; sourceTree = "<group>"; };
		E3CF6FEC20060BC900DE3D41 /* TopicRouter.swift */ = {isa = PBXFileReference; fileEncoding = 4; lastKnownFileType = sourcecode.swift; path = TopicRouter.swift; sourceTree = "<group>"; };
		E3CF6FED20060BC900DE3D41 /* OptionRouter.swift */ = {isa = PBXFileReference; fileEncoding = 4; lastKnownFileType = sourcecode.swift; path = OptionRouter.swift; sourceTree = "<group>"; };
		E3CF6FF420060BEA00DE3D41 /* TargetType.swift */ = {isa = PBXFileReference; fileEncoding = 4; lastKnownFileType = sourcecode.swift; path = TargetType.swift; sourceTree = "<group>"; };
		E3CF6FF520060BEA00DE3D41 /* Error.swift */ = {isa = PBXFileReference; fileEncoding = 4; lastKnownFileType = sourcecode.swift; path = Error.swift; sourceTree = "<group>"; };
		E3CF6FF820060C0B00DE3D41 /* Services.swift */ = {isa = PBXFileReference; fileEncoding = 4; lastKnownFileType = sourcecode.swift; path = Services.swift; sourceTree = "<group>"; };
		E3DE12B91FEBAFD000738EE1 /* RankBaam.app */ = {isa = PBXFileReference; explicitFileType = wrapper.application; includeInIndex = 0; path = RankBaam.app; sourceTree = BUILT_PRODUCTS_DIR; };
		E3DE12BC1FEBAFD000738EE1 /* AppDelegate.swift */ = {isa = PBXFileReference; lastKnownFileType = sourcecode.swift; path = AppDelegate.swift; sourceTree = "<group>"; };
		E3DE12C31FEBAFD000738EE1 /* Assets.xcassets */ = {isa = PBXFileReference; lastKnownFileType = folder.assetcatalog; path = Assets.xcassets; sourceTree = "<group>"; };
		E3DE12C61FEBAFD000738EE1 /* Base */ = {isa = PBXFileReference; lastKnownFileType = file.storyboard; name = Base; path = Base.lproj/LaunchScreen.storyboard; sourceTree = "<group>"; };
		E3DE12C81FEBAFD000738EE1 /* Info.plist */ = {isa = PBXFileReference; lastKnownFileType = text.plist.xml; path = Info.plist; sourceTree = "<group>"; };
		E3DE12D31FEBB0A400738EE1 /* UserDefaultsManager.swift */ = {isa = PBXFileReference; lastKnownFileType = sourcecode.swift; path = UserDefaultsManager.swift; sourceTree = "<group>"; };
		E3DE12D51FEBB0AF00738EE1 /* KeychainManager.swift */ = {isa = PBXFileReference; lastKnownFileType = sourcecode.swift; path = KeychainManager.swift; sourceTree = "<group>"; };
		E3DE12D71FEBB7DA00738EE1 /* GoogleService-Info.plist */ = {isa = PBXFileReference; fileEncoding = 4; lastKnownFileType = text.plist.xml; path = "GoogleService-Info.plist"; sourceTree = "<group>"; };
		E3DE12D91FEBD14B00738EE1 /* Models.swift */ = {isa = PBXFileReference; lastKnownFileType = sourcecode.swift; path = Models.swift; sourceTree = "<group>"; };
		E3DE12DB1FEBD17D00738EE1 /* NetworkModels.swift */ = {isa = PBXFileReference; lastKnownFileType = sourcecode.swift; path = NetworkModels.swift; sourceTree = "<group>"; };
		E3E90F1F2014F1C4002B41F6 /* OptionCommentRouter.swift */ = {isa = PBXFileReference; lastKnownFileType = sourcecode.swift; path = OptionCommentRouter.swift; sourceTree = "<group>"; };
		E3EEB6E91FF50B8600EEE241 /* KakaoOpenSDK.framework */ = {isa = PBXFileReference; lastKnownFileType = wrapper.framework; path = KakaoOpenSDK.framework; sourceTree = "<group>"; };
		E3EEB6EB1FF50BFB00EEE241 /* RankBaam-Bridging-Header.h */ = {isa = PBXFileReference; lastKnownFileType = sourcecode.c.h; path = "RankBaam-Bridging-Header.h"; sourceTree = "<group>"; };
		E3FEB4551FF6149C0074D778 /* TopicCreateViewController.swift */ = {isa = PBXFileReference; lastKnownFileType = sourcecode.swift; path = TopicCreateViewController.swift; sourceTree = "<group>"; };
		E3FEB4561FF6149C0074D778 /* TopicCreateViewController.xib */ = {isa = PBXFileReference; lastKnownFileType = file.xib; path = TopicCreateViewController.xib; sourceTree = "<group>"; };
		E3FEB45F1FF615690074D778 /* TopicDetailViewController.swift */ = {isa = PBXFileReference; lastKnownFileType = sourcecode.swift; path = TopicDetailViewController.swift; sourceTree = "<group>"; };
		E3FEB4601FF615690074D778 /* TopicDetailViewController.xib */ = {isa = PBXFileReference; lastKnownFileType = file.xib; path = TopicDetailViewController.xib; sourceTree = "<group>"; };
/* End PBXFileReference section */

/* Begin PBXFrameworksBuildPhase section */
		E3DE12B61FEBAFD000738EE1 /* Frameworks */ = {
			isa = PBXFrameworksBuildPhase;
			buildActionMask = 2147483647;
			files = (
				A7C26317E03F2E7F886C1C73 /* Pods_RankBaam.framework in Frameworks */,
				E3EEB6EA1FF50B8600EEE241 /* KakaoOpenSDK.framework in Frameworks */,
			);
			runOnlyForDeploymentPostprocessing = 0;
		};
/* End PBXFrameworksBuildPhase section */

/* Begin PBXGroup section */
		6C0A98652015E70A00D9D704 /* Controllers */ = {
			isa = PBXGroup;
			children = (
				E35997781FF608540064BBC1 /* SplashViewController.swift */,
				E35997791FF608540064BBC1 /* SplashViewController.xib */,
				E359977C1FF6087F0064BBC1 /* SignInViewController.swift */,
				E359977D1FF6087F0064BBC1 /* SignInViewController.xib */,
				E35997801FF6088D0064BBC1 /* SignUpViewController.swift */,
				E35997811FF6088D0064BBC1 /* SignUpViewController.xib */,
				E3CF6FD42006073400DE3D41 /* MainTabViewController.swift */,
				6CFD548F20104C9200289BDB /* TabMainViewController.swift */,
				E3CF6FDC2006081C00DE3D41 /* TabSearchViewController.swift */,
				E3CF6FDD2006081C00DE3D41 /* TabSearchViewController.xib */,
				E3CF6FE02006088D00DE3D41 /* TabLikeViewController.swift */,
				E3CF6FE12006088D00DE3D41 /* TabLikeViewController.xib */,
				E3CF6FE4200608A600DE3D41 /* TabMyViewController.swift */,
				E3CF6FE5200608A600DE3D41 /* TabMyViewController.xib */,
				E3FEB4551FF6149C0074D778 /* TopicCreateViewController.swift */,
				E3FEB4561FF6149C0074D778 /* TopicCreateViewController.xib */,
				E3FEB45F1FF615690074D778 /* TopicDetailViewController.swift */,
				E3FEB4601FF615690074D778 /* TopicDetailViewController.xib */,
				6CFD55142013818300289BDB /* TabHomePageViewController.swift */,
				6C0A987A2018DFE100D9D704 /* TabHomePageViewController.xib */,
				6CFD549320104CE400289BDB /* TabHomeViewController.swift */,
				6CFD550C2013711E00289BDB /* TabHomeWeeklyRankViewController.swift */,
				6CFD550D2013711E00289BDB /* TabHomeWeeklyRankViewController.xib */,
				6CFD549420104CE400289BDB /* TabHomeViewController.xib */,
				6C0A98702017990B00D9D704 /* TopicDetailImagesViewController.swift */,
				6C0A98712017990B00D9D704 /* TopicDetailImagesViewController.xib */,
				6C09B732201A3DD6002CE625 /* CategorySelectViewController.swift */,
			);
			path = Controllers;
			sourceTree = "<group>";
		};
		E3CC20EF200103FA006DE641 /* Util */ = {
			isa = PBXGroup;
			children = (
				E3CC20F020010409006DE641 /* Extensions.swift */,
				6CFD549720104FA400289BDB /* ConstantsNames.swift */,
				6CFD549F2010508B00289BDB /* UIColor+Extension.swift */,
				6C0A986E201797FE00D9D704 /* SpreadTransition.swift */,
				6C0A987420186E1800D9D704 /* RankBaamIndicator.swift */,
				E3CC20F62001053A006DE641 /* CardFlowLayout.swift */,
				6C09B734201A3E16002CE625 /* PresentFadeInOut.swift */,
			);
			path = Util;
			sourceTree = "<group>";
		};
		E3CC2109200111EF006DE641 /* SupportingFiles */ = {
			isa = PBXGroup;
			children = (
				E3CC210A200119E2006DE641 /* YunTaemin.ttf */,
			);
			path = SupportingFiles;
			sourceTree = "<group>";
		};
		E3CF6FEA20060BC900DE3D41 /* Router */ = {
			isa = PBXGroup;
			children = (
				E3CF6FEB20060BC900DE3D41 /* UserRouter.swift */,
				E3CF6FEC20060BC900DE3D41 /* TopicRouter.swift */,
				E3CF6FED20060BC900DE3D41 /* OptionRouter.swift */,
				E3E90F1F2014F1C4002B41F6 /* OptionCommentRouter.swift */,
			);
			path = Router;
			sourceTree = "<group>";
		};
		E3CF6FF320060BEA00DE3D41 /* Type */ = {
			isa = PBXGroup;
			children = (
				E3CF6FF420060BEA00DE3D41 /* TargetType.swift */,
				E3CF6FF520060BEA00DE3D41 /* Error.swift */,
			);
			path = Type;
			sourceTree = "<group>";
		};
		E3DE12B01FEBAFD000738EE1 = {
			isa = PBXGroup;
			children = (
				E3DE12BB1FEBAFD000738EE1 /* RankBaam */,
				E3DE12BA1FEBAFD000738EE1 /* Products */,
				E436067F4D645A0600BE20E5 /* Pods */,
				FCC6445F9C07ABF1FD9AFB5D /* Frameworks */,
			);
			sourceTree = "<group>";
		};
		E3DE12BA1FEBAFD000738EE1 /* Products */ = {
			isa = PBXGroup;
			children = (
				E3DE12B91FEBAFD000738EE1 /* RankBaam.app */,
			);
			name = Products;
			sourceTree = "<group>";
		};
		E3DE12BB1FEBAFD000738EE1 /* RankBaam */ = {
			isa = PBXGroup;
			children = (
				E3DE12BC1FEBAFD000738EE1 /* AppDelegate.swift */,
				E3DE12C51FEBAFD000738EE1 /* LaunchScreen.storyboard */,
				E3CC20EF200103FA006DE641 /* Util */,
				E3CF6FF320060BEA00DE3D41 /* Type */,
				E3DE12D01FEBB05200738EE1 /* Model */,
				E3CF6FEA20060BC900DE3D41 /* Router */,
				E3DE12CF1FEBB03800738EE1 /* Repository */,
				6C0A98652015E70A00D9D704 /* Controllers */,
				E3DE12CE1FEBB01600738EE1 /* View */,
				E3CC2109200111EF006DE641 /* SupportingFiles */,
				E3DE12C31FEBAFD000738EE1 /* Assets.xcassets */,
				E3DE12C81FEBAFD000738EE1 /* Info.plist */,
				E3DE12D71FEBB7DA00738EE1 /* GoogleService-Info.plist */,
				E3EEB6EB1FF50BFB00EEE241 /* RankBaam-Bridging-Header.h */,
			);
			path = RankBaam;
			sourceTree = "<group>";
		};
		E3DE12CE1FEBB01600738EE1 /* View */ = {
			isa = PBXGroup;
			children = (
				6CFD5440200A0A3200289BDB /* loadIndicatorFooter.swift */,
				6CFD5441200A0A3200289BDB /* loadIndicatorFooter.xib */,
				6CFD549920104FBD00289BDB /* MainAllRankCell.swift */,
				6CFD549D2010501000289BDB /* MainAllRankTopTabbar.swift */,
				6CFD54AB2011D3AB00289BDB /* TopicDetailHeaderView.swift */,
				6C0A98612015ADD700D9D704 /* TopicDetailOptionCell.swift */,
				6C0A98622015ADD700D9D704 /* TopicDetailOptionCell.xib */,
				6CFD54AC2011D3AB00289BDB /* TopicDetailHeaderView.xib */,
				6CFD549B20104FE100289BDB /* MainAllRankCell.xib */,
				6CFD54A5201058C400289BDB /* MainAllRankLoadingFooterView.swift */,
				6CFD54A6201058C400289BDB /* MainAllRankLoadingFooterView.xib */,
				6CFD55102013737B00289BDB /* MainWeeklyRankCell.swift */,
				6CFD55112013737B00289BDB /* MainWeeklyRankCell.xib */,
				6C0A9866201713FB00D9D704 /* TopicDetailImgCell.swift */,
				6C0A9867201713FB00D9D704 /* TopicDetailImgCell.xib */,
				6C0A986A2017183200D9D704 /* TopicDetailFooterView.swift */,
				6C0A986B2017183200D9D704 /* TopicDetailFooterView.xib */,
			);
			path = View;
			sourceTree = "<group>";
		};
		E3DE12CF1FEBB03800738EE1 /* Repository */ = {
			isa = PBXGroup;
			children = (
				E3DE12D31FEBB0A400738EE1 /* UserDefaultsManager.swift */,
				E3DE12D51FEBB0AF00738EE1 /* KeychainManager.swift */,
				E3CF6FF820060C0B00DE3D41 /* Services.swift */,
			);
			path = Repository;
			sourceTree = "<group>";
		};
		E3DE12D01FEBB05200738EE1 /* Model */ = {
			isa = PBXGroup;
			children = (
				E3DE12D91FEBD14B00738EE1 /* Models.swift */,
				E3DE12DB1FEBD17D00738EE1 /* NetworkModels.swift */,
			);
			path = Model;
			sourceTree = "<group>";
		};
		E436067F4D645A0600BE20E5 /* Pods */ = {
			isa = PBXGroup;
			children = (
				3200F22B635D81C27B2E50AC /* Pods-RankBaam.debug.xcconfig */,
				73184CBA083F250A6B91BA1B /* Pods-RankBaam.release.xcconfig */,
			);
			name = Pods;
			sourceTree = "<group>";
		};
		FCC6445F9C07ABF1FD9AFB5D /* Frameworks */ = {
			isa = PBXGroup;
			children = (
				E3EEB6E91FF50B8600EEE241 /* KakaoOpenSDK.framework */,
				76E27FF7FBFF9ACBE9802F4D /* Pods_RankBaam.framework */,
			);
			name = Frameworks;
			sourceTree = "<group>";
		};
/* End PBXGroup section */

/* Begin PBXNativeTarget section */
		E3DE12B81FEBAFD000738EE1 /* RankBaam */ = {
			isa = PBXNativeTarget;
			buildConfigurationList = E3DE12CB1FEBAFD000738EE1 /* Build configuration list for PBXNativeTarget "RankBaam" */;
			buildPhases = (
				FDF5A1C3E0812DD5E210F81A /* [CP] Check Pods Manifest.lock */,
				E3DE12B51FEBAFD000738EE1 /* Sources */,
				E3DE12B61FEBAFD000738EE1 /* Frameworks */,
				E3DE12B71FEBAFD000738EE1 /* Resources */,
				427795972053276693422678 /* [CP] Embed Pods Frameworks */,
				8AAA20366FDC88FBA4D4BE5B /* [CP] Copy Pods Resources */,
			);
			buildRules = (
			);
			dependencies = (
			);
			name = RankBaam;
			productName = RankBaam;
			productReference = E3DE12B91FEBAFD000738EE1 /* RankBaam.app */;
			productType = "com.apple.product-type.application";
		};
/* End PBXNativeTarget section */

/* Begin PBXProject section */
		E3DE12B11FEBAFD000738EE1 /* Project object */ = {
			isa = PBXProject;
			attributes = {
				LastSwiftUpdateCheck = 0920;
				LastUpgradeCheck = 0920;
				ORGANIZATIONNAME = "김정원";
				TargetAttributes = {
					E3DE12B81FEBAFD000738EE1 = {
						CreatedOnToolsVersion = 9.2;
						LastSwiftMigration = 0920;
						ProvisioningStyle = Manual;
					};
				};
			};
			buildConfigurationList = E3DE12B41FEBAFD000738EE1 /* Build configuration list for PBXProject "RankBaam" */;
			compatibilityVersion = "Xcode 8.0";
			developmentRegion = en;
			hasScannedForEncodings = 0;
			knownRegions = (
				en,
				Base,
			);
			mainGroup = E3DE12B01FEBAFD000738EE1;
			productRefGroup = E3DE12BA1FEBAFD000738EE1 /* Products */;
			projectDirPath = "";
			projectRoot = "";
			targets = (
				E3DE12B81FEBAFD000738EE1 /* RankBaam */,
			);
		};
/* End PBXProject section */

/* Begin PBXResourcesBuildPhase section */
		E3DE12B71FEBAFD000738EE1 /* Resources */ = {
			isa = PBXResourcesBuildPhase;
			buildActionMask = 2147483647;
			files = (
				6CFD549620104CE400289BDB /* TabHomeViewController.xib in Resources */,
				E3DE12C71FEBAFD000738EE1 /* LaunchScreen.storyboard in Resources */,
				E3FEB4581FF6149C0074D778 /* TopicCreateViewController.xib in Resources */,
				6C0A9869201713FB00D9D704 /* TopicDetailImgCell.xib in Resources */,
				6CFD54A8201058C400289BDB /* MainAllRankLoadingFooterView.xib in Resources */,
				E3DE12D81FEBB7DA00738EE1 /* GoogleService-Info.plist in Resources */,
				E3FEB4621FF615690074D778 /* TopicDetailViewController.xib in Resources */,
				E3CF6FE32006088D00DE3D41 /* TabLikeViewController.xib in Resources */,
				E3CC210B200119E2006DE641 /* YunTaemin.ttf in Resources */,
				E35997831FF6088D0064BBC1 /* SignUpViewController.xib in Resources */,
				E3CF6FDF2006081C00DE3D41 /* TabSearchViewController.xib in Resources */,
				6C0A987B2018DFE100D9D704 /* TabHomePageViewController.xib in Resources */,
				6C0A986D2017183200D9D704 /* TopicDetailFooterView.xib in Resources */,
				6C0A98732017990B00D9D704 /* TopicDetailImagesViewController.xib in Resources */,
				E3CF6FE7200608A600DE3D41 /* TabMyViewController.xib in Resources */,
				E3DE12C41FEBAFD000738EE1 /* Assets.xcassets in Resources */,
				6CFD54AE2011D3AB00289BDB /* TopicDetailHeaderView.xib in Resources */,
				6C0A98642015ADD700D9D704 /* TopicDetailOptionCell.xib in Resources */,
				6CFD55132013737B00289BDB /* MainWeeklyRankCell.xib in Resources */,
				6CFD5443200A0A3200289BDB /* loadIndicatorFooter.xib in Resources */,
				6CFD550F2013711E00289BDB /* TabHomeWeeklyRankViewController.xib in Resources */,
				E359977B1FF608540064BBC1 /* SplashViewController.xib in Resources */,
				E359977F1FF6087F0064BBC1 /* SignInViewController.xib in Resources */,
				6CFD549C20104FE200289BDB /* MainAllRankCell.xib in Resources */,
			);
			runOnlyForDeploymentPostprocessing = 0;
		};
/* End PBXResourcesBuildPhase section */

/* Begin PBXShellScriptBuildPhase section */
		427795972053276693422678 /* [CP] Embed Pods Frameworks */ = {
			isa = PBXShellScriptBuildPhase;
			buildActionMask = 2147483647;
			files = (
			);
			inputPaths = (
				"${SRCROOT}/Pods/Target Support Files/Pods-RankBaam/Pods-RankBaam-frameworks.sh",
				"${BUILT_PRODUCTS_DIR}/Alamofire/Alamofire.framework",
				"${BUILT_PRODUCTS_DIR}/GoogleToolboxForMac/GoogleToolboxForMac.framework",
				"${BUILT_PRODUCTS_DIR}/Kingfisher/Kingfisher.framework",
				"${BUILT_PRODUCTS_DIR}/Protobuf/Protobuf.framework",
				"${BUILT_PRODUCTS_DIR}/SnapKit/SnapKit.framework",
				"${BUILT_PRODUCTS_DIR}/SwiftKeychainWrapper/SwiftKeychainWrapper.framework",
				"${BUILT_PRODUCTS_DIR}/nanopb/nanopb.framework",
			);
			name = "[CP] Embed Pods Frameworks";
			outputPaths = (
				"${TARGET_BUILD_DIR}/${FRAMEWORKS_FOLDER_PATH}/Alamofire.framework",
				"${TARGET_BUILD_DIR}/${FRAMEWORKS_FOLDER_PATH}/GoogleToolboxForMac.framework",
				"${TARGET_BUILD_DIR}/${FRAMEWORKS_FOLDER_PATH}/Kingfisher.framework",
				"${TARGET_BUILD_DIR}/${FRAMEWORKS_FOLDER_PATH}/Protobuf.framework",
				"${TARGET_BUILD_DIR}/${FRAMEWORKS_FOLDER_PATH}/SnapKit.framework",
				"${TARGET_BUILD_DIR}/${FRAMEWORKS_FOLDER_PATH}/SwiftKeychainWrapper.framework",
				"${TARGET_BUILD_DIR}/${FRAMEWORKS_FOLDER_PATH}/nanopb.framework",
			);
			runOnlyForDeploymentPostprocessing = 0;
			shellPath = /bin/sh;
			shellScript = "\"${SRCROOT}/Pods/Target Support Files/Pods-RankBaam/Pods-RankBaam-frameworks.sh\"\n";
			showEnvVarsInLog = 0;
		};
		8AAA20366FDC88FBA4D4BE5B /* [CP] Copy Pods Resources */ = {
			isa = PBXShellScriptBuildPhase;
			buildActionMask = 2147483647;
			files = (
			);
			inputPaths = (
			);
			name = "[CP] Copy Pods Resources";
			outputPaths = (
			);
			runOnlyForDeploymentPostprocessing = 0;
			shellPath = /bin/sh;
			shellScript = "\"${SRCROOT}/Pods/Target Support Files/Pods-RankBaam/Pods-RankBaam-resources.sh\"\n";
			showEnvVarsInLog = 0;
		};
		FDF5A1C3E0812DD5E210F81A /* [CP] Check Pods Manifest.lock */ = {
			isa = PBXShellScriptBuildPhase;
			buildActionMask = 2147483647;
			files = (
			);
			inputPaths = (
				"${PODS_PODFILE_DIR_PATH}/Podfile.lock",
				"${PODS_ROOT}/Manifest.lock",
			);
			name = "[CP] Check Pods Manifest.lock";
			outputPaths = (
				"$(DERIVED_FILE_DIR)/Pods-RankBaam-checkManifestLockResult.txt",
			);
			runOnlyForDeploymentPostprocessing = 0;
			shellPath = /bin/sh;
			shellScript = "diff \"${PODS_PODFILE_DIR_PATH}/Podfile.lock\" \"${PODS_ROOT}/Manifest.lock\" > /dev/null\nif [ $? != 0 ] ; then\n    # print error to STDERR\n    echo \"error: The sandbox is not in sync with the Podfile.lock. Run 'pod install' or update your CocoaPods installation.\" >&2\n    exit 1\nfi\n# This output is used by Xcode 'outputs' to avoid re-running this script phase.\necho \"SUCCESS\" > \"${SCRIPT_OUTPUT_FILE_0}\"\n";
			showEnvVarsInLog = 0;
		};
/* End PBXShellScriptBuildPhase section */

/* Begin PBXSourcesBuildPhase section */
		E3DE12B51FEBAFD000738EE1 /* Sources */ = {
			isa = PBXSourcesBuildPhase;
			buildActionMask = 2147483647;
			files = (
				6C0A98632015ADD700D9D704 /* TopicDetailOptionCell.swift in Sources */,
				E3CF6FF020060BC900DE3D41 /* OptionRouter.swift in Sources */,
				E3E90F202014F1C4002B41F6 /* OptionCommentRouter.swift in Sources */,
				E3CF6FE6200608A600DE3D41 /* TabMyViewController.swift in Sources */,
				6CFD549A20104FBD00289BDB /* MainAllRankCell.swift in Sources */,
				6C0A986F201797FE00D9D704 /* SpreadTransition.swift in Sources */,
				E3DE12BD1FEBAFD000738EE1 /* AppDelegate.swift in Sources */,
				6CFD55152013818300289BDB /* TabHomePageViewController.swift in Sources */,
				6CFD549E2010501000289BDB /* MainAllRankTopTabbar.swift in Sources */,
				E3DE12D41FEBB0A400738EE1 /* UserDefaultsManager.swift in Sources */,
				E35997821FF6088D0064BBC1 /* SignUpViewController.swift in Sources */,
				E3CF6FF620060BEA00DE3D41 /* TargetType.swift in Sources */,
				E3DE12D61FEBB0AF00738EE1 /* KeychainManager.swift in Sources */,
				E3CC20FF2001053A006DE641 /* CardFlowLayout.swift in Sources */,
				6CFD5442200A0A3200289BDB /* loadIndicatorFooter.swift in Sources */,
				E3FEB4611FF615690074D778 /* TopicDetailViewController.swift in Sources */,
				6CFD54A02010508B00289BDB /* UIColor+Extension.swift in Sources */,
				6CFD550E2013711E00289BDB /* TabHomeWeeklyRankViewController.swift in Sources */,
				6C0A9868201713FB00D9D704 /* TopicDetailImgCell.swift in Sources */,
				6CFD54AD2011D3AB00289BDB /* TopicDetailHeaderView.swift in Sources */,
				E359977E1FF6087F0064BBC1 /* SignInViewController.swift in Sources */,
				6C09B733201A3DD7002CE625 /* CategorySelectViewController.swift in Sources */,
				E3FEB4571FF6149C0074D778 /* TopicCreateViewController.swift in Sources */,
				E3DE12DC1FEBD17D00738EE1 /* NetworkModels.swift in Sources */,
				E3CF6FD62006073400DE3D41 /* MainTabViewController.swift in Sources */,
				6CFD549020104C9300289BDB /* TabMainViewController.swift in Sources */,
				E3DE12DA1FEBD14B00738EE1 /* Models.swift in Sources */,
				E3CF6FDE2006081C00DE3D41 /* TabSearchViewController.swift in Sources */,
				E3CF6FF920060C0B00DE3D41 /* Services.swift in Sources */,
				E3CF6FEE20060BC900DE3D41 /* UserRouter.swift in Sources */,
				E3CF6FF720060BEA00DE3D41 /* Error.swift in Sources */,
				E3CF6FE22006088D00DE3D41 /* TabLikeViewController.swift in Sources */,
				6C09B735201A3E17002CE625 /* PresentFadeInOut.swift in Sources */,
				6C0A98722017990B00D9D704 /* TopicDetailImagesViewController.swift in Sources */,
				6CFD549820104FA400289BDB /* ConstantsNames.swift in Sources */,
				E3CF6FEF20060BC900DE3D41 /* TopicRouter.swift in Sources */,
				6C0A986C2017183200D9D704 /* TopicDetailFooterView.swift in Sources */,
				E359977A1FF608540064BBC1 /* SplashViewController.swift in Sources */,
				6C0A987520186E1800D9D704 /* RankBaamIndicator.swift in Sources */,
				6CFD55122013737B00289BDB /* MainWeeklyRankCell.swift in Sources */,
				6CFD549520104CE400289BDB /* TabHomeViewController.swift in Sources */,
				E3CC20F120010409006DE641 /* Extensions.swift in Sources */,
				6CFD54A7201058C400289BDB /* MainAllRankLoadingFooterView.swift in Sources */,
			);
			runOnlyForDeploymentPostprocessing = 0;
		};
/* End PBXSourcesBuildPhase section */

/* Begin PBXVariantGroup section */
		E3DE12C51FEBAFD000738EE1 /* LaunchScreen.storyboard */ = {
			isa = PBXVariantGroup;
			children = (
				E3DE12C61FEBAFD000738EE1 /* Base */,
			);
			name = LaunchScreen.storyboard;
			sourceTree = "<group>";
		};
/* End PBXVariantGroup section */

/* Begin XCBuildConfiguration section */
		E3DE12C91FEBAFD000738EE1 /* Debug */ = {
			isa = XCBuildConfiguration;
			buildSettings = {
				ALWAYS_SEARCH_USER_PATHS = NO;
				CLANG_ANALYZER_NONNULL = YES;
				CLANG_ANALYZER_NUMBER_OBJECT_CONVERSION = YES_AGGRESSIVE;
				CLANG_CXX_LANGUAGE_STANDARD = "gnu++14";
				CLANG_CXX_LIBRARY = "libc++";
				CLANG_ENABLE_MODULES = YES;
				CLANG_ENABLE_OBJC_ARC = YES;
				CLANG_WARN_BLOCK_CAPTURE_AUTORELEASING = YES;
				CLANG_WARN_BOOL_CONVERSION = YES;
				CLANG_WARN_COMMA = YES;
				CLANG_WARN_CONSTANT_CONVERSION = YES;
				CLANG_WARN_DIRECT_OBJC_ISA_USAGE = YES_ERROR;
				CLANG_WARN_DOCUMENTATION_COMMENTS = YES;
				CLANG_WARN_EMPTY_BODY = YES;
				CLANG_WARN_ENUM_CONVERSION = YES;
				CLANG_WARN_INFINITE_RECURSION = YES;
				CLANG_WARN_INT_CONVERSION = YES;
				CLANG_WARN_NON_LITERAL_NULL_CONVERSION = YES;
				CLANG_WARN_OBJC_LITERAL_CONVERSION = YES;
				CLANG_WARN_OBJC_ROOT_CLASS = YES_ERROR;
				CLANG_WARN_RANGE_LOOP_ANALYSIS = YES;
				CLANG_WARN_STRICT_PROTOTYPES = YES;
				CLANG_WARN_SUSPICIOUS_MOVE = YES;
				CLANG_WARN_UNGUARDED_AVAILABILITY = YES_AGGRESSIVE;
				CLANG_WARN_UNREACHABLE_CODE = YES;
				CLANG_WARN__DUPLICATE_METHOD_MATCH = YES;
				CODE_SIGN_IDENTITY = "iPhone Developer";
				COPY_PHASE_STRIP = NO;
				DEBUG_INFORMATION_FORMAT = dwarf;
				ENABLE_STRICT_OBJC_MSGSEND = YES;
				ENABLE_TESTABILITY = YES;
				GCC_C_LANGUAGE_STANDARD = gnu11;
				GCC_DYNAMIC_NO_PIC = NO;
				GCC_NO_COMMON_BLOCKS = YES;
				GCC_OPTIMIZATION_LEVEL = 0;
				GCC_PREPROCESSOR_DEFINITIONS = (
					"DEBUG=1",
					"$(inherited)",
				);
				GCC_WARN_64_TO_32_BIT_CONVERSION = YES;
				GCC_WARN_ABOUT_RETURN_TYPE = YES_ERROR;
				GCC_WARN_UNDECLARED_SELECTOR = YES;
				GCC_WARN_UNINITIALIZED_AUTOS = YES_AGGRESSIVE;
				GCC_WARN_UNUSED_FUNCTION = YES;
				GCC_WARN_UNUSED_VARIABLE = YES;
				IPHONEOS_DEPLOYMENT_TARGET = 11.2;
				MTL_ENABLE_DEBUG_INFO = YES;
				ONLY_ACTIVE_ARCH = YES;
				SDKROOT = iphoneos;
				SWIFT_ACTIVE_COMPILATION_CONDITIONS = DEBUG;
				SWIFT_OPTIMIZATION_LEVEL = "-Onone";
			};
			name = Debug;
		};
		E3DE12CA1FEBAFD000738EE1 /* Release */ = {
			isa = XCBuildConfiguration;
			buildSettings = {
				ALWAYS_SEARCH_USER_PATHS = NO;
				CLANG_ANALYZER_NONNULL = YES;
				CLANG_ANALYZER_NUMBER_OBJECT_CONVERSION = YES_AGGRESSIVE;
				CLANG_CXX_LANGUAGE_STANDARD = "gnu++14";
				CLANG_CXX_LIBRARY = "libc++";
				CLANG_ENABLE_MODULES = YES;
				CLANG_ENABLE_OBJC_ARC = YES;
				CLANG_WARN_BLOCK_CAPTURE_AUTORELEASING = YES;
				CLANG_WARN_BOOL_CONVERSION = YES;
				CLANG_WARN_COMMA = YES;
				CLANG_WARN_CONSTANT_CONVERSION = YES;
				CLANG_WARN_DIRECT_OBJC_ISA_USAGE = YES_ERROR;
				CLANG_WARN_DOCUMENTATION_COMMENTS = YES;
				CLANG_WARN_EMPTY_BODY = YES;
				CLANG_WARN_ENUM_CONVERSION = YES;
				CLANG_WARN_INFINITE_RECURSION = YES;
				CLANG_WARN_INT_CONVERSION = YES;
				CLANG_WARN_NON_LITERAL_NULL_CONVERSION = YES;
				CLANG_WARN_OBJC_LITERAL_CONVERSION = YES;
				CLANG_WARN_OBJC_ROOT_CLASS = YES_ERROR;
				CLANG_WARN_RANGE_LOOP_ANALYSIS = YES;
				CLANG_WARN_STRICT_PROTOTYPES = YES;
				CLANG_WARN_SUSPICIOUS_MOVE = YES;
				CLANG_WARN_UNGUARDED_AVAILABILITY = YES_AGGRESSIVE;
				CLANG_WARN_UNREACHABLE_CODE = YES;
				CLANG_WARN__DUPLICATE_METHOD_MATCH = YES;
				CODE_SIGN_IDENTITY = "iPhone Developer";
				COPY_PHASE_STRIP = NO;
				DEBUG_INFORMATION_FORMAT = "dwarf-with-dsym";
				ENABLE_NS_ASSERTIONS = NO;
				ENABLE_STRICT_OBJC_MSGSEND = YES;
				GCC_C_LANGUAGE_STANDARD = gnu11;
				GCC_NO_COMMON_BLOCKS = YES;
				GCC_WARN_64_TO_32_BIT_CONVERSION = YES;
				GCC_WARN_ABOUT_RETURN_TYPE = YES_ERROR;
				GCC_WARN_UNDECLARED_SELECTOR = YES;
				GCC_WARN_UNINITIALIZED_AUTOS = YES_AGGRESSIVE;
				GCC_WARN_UNUSED_FUNCTION = YES;
				GCC_WARN_UNUSED_VARIABLE = YES;
				IPHONEOS_DEPLOYMENT_TARGET = 11.2;
				MTL_ENABLE_DEBUG_INFO = NO;
				SDKROOT = iphoneos;
				SWIFT_OPTIMIZATION_LEVEL = "-Owholemodule";
				VALIDATE_PRODUCT = YES;
			};
			name = Release;
		};
		E3DE12CC1FEBAFD000738EE1 /* Debug */ = {
			isa = XCBuildConfiguration;
			baseConfigurationReference = 3200F22B635D81C27B2E50AC /* Pods-RankBaam.debug.xcconfig */;
			buildSettings = {
				ASSETCATALOG_COMPILER_APPICON_NAME = AppIcon;
				CLANG_ENABLE_MODULES = YES;
				CODE_SIGN_STYLE = Manual;
				DEVELOPMENT_TEAM = "";
				FRAMEWORK_SEARCH_PATHS = (
					"$(inherited)",
					"$(PROJECT_DIR)",
				);
				INFOPLIST_FILE = RankBaam/Info.plist;
				IPHONEOS_DEPLOYMENT_TARGET = 10.3;
				LD_RUNPATH_SEARCH_PATHS = "$(inherited) @executable_path/Frameworks";
				"OTHER_LDFLAGS[arch=*]" = (
					"$(inherited)",
					"-ObjC",
					"-l\"c++\"",
					"-l\"sqlite3\"",
					"-l\"z\"",
					"-framework",
					"\"AddressBook\"",
					"-framework",
					"\"Alamofire\"",
					"-framework",
					"\"FirebaseAnalytics\"",
					"-framework",
					"\"FirebaseCore\"",
					"-framework",
					"\"FirebaseCoreDiagnostics\"",
					"-framework",
					"\"FirebaseInstanceID\"",
					"-framework",
					"\"FirebaseMessaging\"",
					"-framework",
					"\"FirebaseNanoPB\"",
					"-framework",
					"\"GoogleToolboxForMac\"",
					"-framework",
					"\"Kingfisher\"",
					"-framework",
					"\"Protobuf\"",
					"-framework",
					"\"SnapKit\"",
					"-framework",
					"\"StoreKit\"",
					"-framework",
					"\"SwiftKeychainWrapper\"",
					"-framework",
					"\"SystemConfiguration\"",
					"-framework",
					"\"nanopb\"",
					"-all_load",
				);
				PRODUCT_BUNDLE_IDENTIFIER = com.rankbaam.RankBaam;
				PRODUCT_NAME = "$(TARGET_NAME)";
				PROVISIONING_PROFILE_SPECIFIER = "";
				SWIFT_OBJC_BRIDGING_HEADER = "RankBaam/RankBaam-Bridging-Header.h";
				SWIFT_OPTIMIZATION_LEVEL = "-Onone";
				SWIFT_VERSION = 4.0;
				TARGETED_DEVICE_FAMILY = 1;
			};
			name = Debug;
		};
		E3DE12CD1FEBAFD000738EE1 /* Release */ = {
			isa = XCBuildConfiguration;
			baseConfigurationReference = 73184CBA083F250A6B91BA1B /* Pods-RankBaam.release.xcconfig */;
			buildSettings = {
				ASSETCATALOG_COMPILER_APPICON_NAME = AppIcon;
				CLANG_ENABLE_MODULES = YES;
				CODE_SIGN_STYLE = Manual;
				DEVELOPMENT_TEAM = "";
				FRAMEWORK_SEARCH_PATHS = (
					"$(inherited)",
					"$(PROJECT_DIR)",
				);
				INFOPLIST_FILE = RankBaam/Info.plist;
				IPHONEOS_DEPLOYMENT_TARGET = 10.3;
				LD_RUNPATH_SEARCH_PATHS = "$(inherited) @executable_path/Frameworks";
				PRODUCT_BUNDLE_IDENTIFIER = com.rankbaam.RankBaam;
				PRODUCT_NAME = "$(TARGET_NAME)";
				PROVISIONING_PROFILE_SPECIFIER = "";
				SWIFT_OBJC_BRIDGING_HEADER = "RankBaam/RankBaam-Bridging-Header.h";
				SWIFT_VERSION = 4.0;
				TARGETED_DEVICE_FAMILY = 1;
			};
			name = Release;
		};
/* End XCBuildConfiguration section */

/* Begin XCConfigurationList section */
		E3DE12B41FEBAFD000738EE1 /* Build configuration list for PBXProject "RankBaam" */ = {
			isa = XCConfigurationList;
			buildConfigurations = (
				E3DE12C91FEBAFD000738EE1 /* Debug */,
				E3DE12CA1FEBAFD000738EE1 /* Release */,
			);
			defaultConfigurationIsVisible = 0;
			defaultConfigurationName = Release;
		};
		E3DE12CB1FEBAFD000738EE1 /* Build configuration list for PBXNativeTarget "RankBaam" */ = {
			isa = XCConfigurationList;
			buildConfigurations = (
				E3DE12CC1FEBAFD000738EE1 /* Debug */,
				E3DE12CD1FEBAFD000738EE1 /* Release */,
			);
			defaultConfigurationIsVisible = 0;
			defaultConfigurationName = Release;
		};
/* End XCConfigurationList section */
	};
	rootObject = E3DE12B11FEBAFD000738EE1 /* Project object */;
}
